// !$*UTF8*$!
{
	archiveVersion = 1;
	classes = {
	};
	objectVersion = 50;
	objects = {

/* Begin PBXBuildFile section */
		F23A418625B8A526003F20F1 /* AppDelegate.swift in Sources */ = {isa = PBXBuildFile; fileRef = F23A418525B8A526003F20F1 /* AppDelegate.swift */; };
		F23A418825B8A526003F20F1 /* SceneDelegate.swift in Sources */ = {isa = PBXBuildFile; fileRef = F23A418725B8A526003F20F1 /* SceneDelegate.swift */; };
		F23A418A25B8A526003F20F1 /* QuestionViewController.swift in Sources */ = {isa = PBXBuildFile; fileRef = F23A418925B8A526003F20F1 /* QuestionViewController.swift */; };
		F23A418D25B8A526003F20F1 /* Main.storyboard in Resources */ = {isa = PBXBuildFile; fileRef = F23A418B25B8A526003F20F1 /* Main.storyboard */; };
		F26553CF25BB59730009EB2E /* SelectQuestionGroupViewController.swift in Sources */ = {isa = PBXBuildFile; fileRef = F26553CE25BB59730009EB2E /* SelectQuestionGroupViewController.swift */; };
		F26553D225BB5B9A0009EB2E /* QuestionGroupCell.swift in Sources */ = {isa = PBXBuildFile; fileRef = F26553D125BB5B9A0009EB2E /* QuestionGroupCell.swift */; };
		F26553D725BDEBEE0009EB2E /* QuestionStrategy.swift in Sources */ = {isa = PBXBuildFile; fileRef = F26553D625BDEBEE0009EB2E /* QuestionStrategy.swift */; };
		F26553DA25BDEEB60009EB2E /* SequentialQuestionStrategy.swift in Sources */ = {isa = PBXBuildFile; fileRef = F26553D925BDEEB60009EB2E /* SequentialQuestionStrategy.swift */; };
		F26553DD25BDF1CB0009EB2E /* RandomQuestionStrategy.swift in Sources */ = {isa = PBXBuildFile; fileRef = F26553DC25BDF1CB0009EB2E /* RandomQuestionStrategy.swift */; };
		F26553E025BE16290009EB2E /* AppSettings.swift in Sources */ = {isa = PBXBuildFile; fileRef = F26553DF25BE16290009EB2E /* AppSettings.swift */; };
		F26553E325C094B10009EB2E /* AppSettingsViewController.swift in Sources */ = {isa = PBXBuildFile; fileRef = F26553E225C094B10009EB2E /* AppSettingsViewController.swift */; };
		F283D80A25B8A71B00C1E0C0 /* Question.swift in Sources */ = {isa = PBXBuildFile; fileRef = F283D80925B8A71B00C1E0C0 /* Question.swift */; };
		F283D80D25B8A7D100C1E0C0 /* QuestionGroupData.swift in Sources */ = {isa = PBXBuildFile; fileRef = F283D80C25B8A7D100C1E0C0 /* QuestionGroupData.swift */; };
		F283D81125B8A80800C1E0C0 /* Assets.xcassets in Resources */ = {isa = PBXBuildFile; fileRef = F283D81025B8A80800C1E0C0 /* Assets.xcassets */; };
		F283D81525B8A82F00C1E0C0 /* LaunchScreen.storyboard in Resources */ = {isa = PBXBuildFile; fileRef = F283D81425B8A82F00C1E0C0 /* LaunchScreen.storyboard */; };
		F283D81825B8AAAE00C1E0C0 /* QuestionView.swift in Sources */ = {isa = PBXBuildFile; fileRef = F283D81725B8AAAE00C1E0C0 /* QuestionView.swift */; };
/* End PBXBuildFile section */

/* Begin PBXFileReference section */
		F23A418225B8A526003F20F1 /* RabbleWabble.app */ = {isa = PBXFileReference; explicitFileType = wrapper.application; includeInIndex = 0; path = RabbleWabble.app; sourceTree = BUILT_PRODUCTS_DIR; };
		F23A418525B8A526003F20F1 /* AppDelegate.swift */ = {isa = PBXFileReference; lastKnownFileType = sourcecode.swift; path = AppDelegate.swift; sourceTree = "<group>"; };
		F23A418725B8A526003F20F1 /* SceneDelegate.swift */ = {isa = PBXFileReference; lastKnownFileType = sourcecode.swift; path = SceneDelegate.swift; sourceTree = "<group>"; };
		F23A418925B8A526003F20F1 /* QuestionViewController.swift */ = {isa = PBXFileReference; lastKnownFileType = sourcecode.swift; path = QuestionViewController.swift; sourceTree = "<group>"; };
		F23A418C25B8A526003F20F1 /* Base */ = {isa = PBXFileReference; lastKnownFileType = file.storyboard; name = Base; path = Base.lproj/Main.storyboard; sourceTree = "<group>"; };
		F23A419325B8A527003F20F1 /* Info.plist */ = {isa = PBXFileReference; lastKnownFileType = text.plist.xml; path = Info.plist; sourceTree = "<group>"; };
		F26553CE25BB59730009EB2E /* SelectQuestionGroupViewController.swift */ = {isa = PBXFileReference; lastKnownFileType = sourcecode.swift; path = SelectQuestionGroupViewController.swift; sourceTree = "<group>"; };
		F26553D125BB5B9A0009EB2E /* QuestionGroupCell.swift */ = {isa = PBXFileReference; lastKnownFileType = sourcecode.swift; path = QuestionGroupCell.swift; sourceTree = "<group>"; };
		F26553D625BDEBEE0009EB2E /* QuestionStrategy.swift */ = {isa = PBXFileReference; lastKnownFileType = sourcecode.swift; path = QuestionStrategy.swift; sourceTree = "<group>"; };
		F26553D925BDEEB60009EB2E /* SequentialQuestionStrategy.swift */ = {isa = PBXFileReference; lastKnownFileType = sourcecode.swift; path = SequentialQuestionStrategy.swift; sourceTree = "<group>"; };
		F26553DC25BDF1CB0009EB2E /* RandomQuestionStrategy.swift */ = {isa = PBXFileReference; lastKnownFileType = sourcecode.swift; path = RandomQuestionStrategy.swift; sourceTree = "<group>"; };
		F26553DF25BE16290009EB2E /* AppSettings.swift */ = {isa = PBXFileReference; lastKnownFileType = sourcecode.swift; path = AppSettings.swift; sourceTree = "<group>"; };
		F26553E225C094B10009EB2E /* AppSettingsViewController.swift */ = {isa = PBXFileReference; lastKnownFileType = sourcecode.swift; path = AppSettingsViewController.swift; sourceTree = "<group>"; };
		F283D80925B8A71B00C1E0C0 /* Question.swift */ = {isa = PBXFileReference; lastKnownFileType = sourcecode.swift; path = Question.swift; sourceTree = "<group>"; };
		F283D80C25B8A7D100C1E0C0 /* QuestionGroupData.swift */ = {isa = PBXFileReference; fileEncoding = 4; lastKnownFileType = sourcecode.swift; path = QuestionGroupData.swift; sourceTree = "<group>"; };
		F283D81025B8A80800C1E0C0 /* Assets.xcassets */ = {isa = PBXFileReference; lastKnownFileType = folder.assetcatalog; path = Assets.xcassets; sourceTree = "<group>"; };
		F283D81425B8A82F00C1E0C0 /* LaunchScreen.storyboard */ = {isa = PBXFileReference; fileEncoding = 4; lastKnownFileType = file.storyboard; path = LaunchScreen.storyboard; sourceTree = "<group>"; };
		F283D81725B8AAAE00C1E0C0 /* QuestionView.swift */ = {isa = PBXFileReference; lastKnownFileType = sourcecode.swift; path = QuestionView.swift; sourceTree = "<group>"; };
/* End PBXFileReference section */

/* Begin PBXFrameworksBuildPhase section */
		F23A417F25B8A526003F20F1 /* Frameworks */ = {
			isa = PBXFrameworksBuildPhase;
			buildActionMask = 2147483647;
			files = (
			);
			runOnlyForDeploymentPostprocessing = 0;
		};
/* End PBXFrameworksBuildPhase section */

/* Begin PBXGroup section */
		F23A417925B8A526003F20F1 = {
			isa = PBXGroup;
			children = (
				F23A418425B8A526003F20F1 /* RabbleWabble */,
				F23A418325B8A526003F20F1 /* Products */,
			);
			sourceTree = "<group>";
		};
		F23A418325B8A526003F20F1 /* Products */ = {
			isa = PBXGroup;
			children = (
				F23A418225B8A526003F20F1 /* RabbleWabble.app */,
			);
			name = Products;
			sourceTree = "<group>";
		};
		F23A418425B8A526003F20F1 /* RabbleWabble */ = {
			isa = PBXGroup;
			children = (
				F23A419B25B8A5B1003F20F1 /* AppDelegate */,
				F23A419C25B8A5D3003F20F1 /* Controllers */,
				F23A419D25B8A5DA003F20F1 /* Models */,
				F23A419E25B8A5DE003F20F1 /* Resourses */,
				F26553D425BDE58C0009EB2E /* Strategies */,
				F23A419F25B8A5E6003F20F1 /* Views */,
			);
			path = RabbleWabble;
			sourceTree = "<group>";
		};
		F23A419B25B8A5B1003F20F1 /* AppDelegate */ = {
			isa = PBXGroup;
			children = (
				F23A418525B8A526003F20F1 /* AppDelegate.swift */,
			);
			path = AppDelegate;
			sourceTree = "<group>";
		};
		F23A419C25B8A5D3003F20F1 /* Controllers */ = {
			isa = PBXGroup;
			children = (
				F23A418925B8A526003F20F1 /* QuestionViewController.swift */,
				F26553CE25BB59730009EB2E /* SelectQuestionGroupViewController.swift */,
				F26553E225C094B10009EB2E /* AppSettingsViewController.swift */,
			);
			path = Controllers;
			sourceTree = "<group>";
		};
		F23A419D25B8A5DA003F20F1 /* Models */ = {
			isa = PBXGroup;
			children = (
				F283D80925B8A71B00C1E0C0 /* Question.swift */,
				F283D80C25B8A7D100C1E0C0 /* QuestionGroupData.swift */,
				F26553DF25BE16290009EB2E /* AppSettings.swift */,
			);
			path = Models;
			sourceTree = "<group>";
		};
		F23A419E25B8A5DE003F20F1 /* Resourses */ = {
			isa = PBXGroup;
			children = (
				F283D81025B8A80800C1E0C0 /* Assets.xcassets */,
				F23A419325B8A527003F20F1 /* Info.plist */,
			);
			path = Resourses;
			sourceTree = "<group>";
		};
		F23A419F25B8A5E6003F20F1 /* Views */ = {
			isa = PBXGroup;
			children = (
				F23A418725B8A526003F20F1 /* SceneDelegate.swift */,
				F283D81425B8A82F00C1E0C0 /* LaunchScreen.storyboard */,
				F23A418B25B8A526003F20F1 /* Main.storyboard */,
				F283D81725B8AAAE00C1E0C0 /* QuestionView.swift */,
				F26553D125BB5B9A0009EB2E /* QuestionGroupCell.swift */,
			);
			path = Views;
			sourceTree = "<group>";
		};
		F26553D425BDE58C0009EB2E /* Strategies */ = {
			isa = PBXGroup;
			children = (
				F26553D625BDEBEE0009EB2E /* QuestionStrategy.swift */,
				F26553DC25BDF1CB0009EB2E /* RandomQuestionStrategy.swift */,
				F26553D925BDEEB60009EB2E /* SequentialQuestionStrategy.swift */,
			);
			path = Strategies;
			sourceTree = "<group>";
		};
/* End PBXGroup section */

/* Begin PBXNativeTarget section */
		F23A418125B8A526003F20F1 /* RabbleWabble */ = {
			isa = PBXNativeTarget;
			buildConfigurationList = F23A419625B8A527003F20F1 /* Build configuration list for PBXNativeTarget "RabbleWabble" */;
			buildPhases = (
				F23A417E25B8A526003F20F1 /* Sources */,
				F23A417F25B8A526003F20F1 /* Frameworks */,
				F23A418025B8A526003F20F1 /* Resources */,
			);
			buildRules = (
			);
			dependencies = (
			);
			name = RabbleWabble;
			productName = RabbleWabble;
			productReference = F23A418225B8A526003F20F1 /* RabbleWabble.app */;
			productType = "com.apple.product-type.application";
		};
/* End PBXNativeTarget section */

/* Begin PBXProject section */
		F23A417A25B8A526003F20F1 /* Project object */ = {
			isa = PBXProject;
			attributes = {
				LastSwiftUpdateCheck = 1230;
				LastUpgradeCheck = 1230;
				TargetAttributes = {
					F23A418125B8A526003F20F1 = {
						CreatedOnToolsVersion = 12.3;
					};
				};
			};
			buildConfigurationList = F23A417D25B8A526003F20F1 /* Build configuration list for PBXProject "RabbleWabble" */;
			compatibilityVersion = "Xcode 9.3";
			developmentRegion = en;
			hasScannedForEncodings = 0;
			knownRegions = (
				en,
				Base,
			);
			mainGroup = F23A417925B8A526003F20F1;
			productRefGroup = F23A418325B8A526003F20F1 /* Products */;
			projectDirPath = "";
			projectRoot = "";
			targets = (
				F23A418125B8A526003F20F1 /* RabbleWabble */,
			);
		};
/* End PBXProject section */

/* Begin PBXResourcesBuildPhase section */
		F23A418025B8A526003F20F1 /* Resources */ = {
			isa = PBXResourcesBuildPhase;
			buildActionMask = 2147483647;
			files = (
				F283D81525B8A82F00C1E0C0 /* LaunchScreen.storyboard in Resources */,
				F283D81125B8A80800C1E0C0 /* Assets.xcassets in Resources */,
				F23A418D25B8A526003F20F1 /* Main.storyboard in Resources */,
			);
			runOnlyForDeploymentPostprocessing = 0;
		};
/* End PBXResourcesBuildPhase section */

/* Begin PBXSourcesBuildPhase section */
		F23A417E25B8A526003F20F1 /* Sources */ = {
			isa = PBXSourcesBuildPhase;
			buildActionMask = 2147483647;
			files = (
				F26553DA25BDEEB60009EB2E /* SequentialQuestionStrategy.swift in Sources */,
				F23A418A25B8A526003F20F1 /* QuestionViewController.swift in Sources */,
				F26553E025BE16290009EB2E /* AppSettings.swift in Sources */,
				F283D80A25B8A71B00C1E0C0 /* Question.swift in Sources */,
				F26553DD25BDF1CB0009EB2E /* RandomQuestionStrategy.swift in Sources */,
				F23A418625B8A526003F20F1 /* AppDelegate.swift in Sources */,
				F23A418825B8A526003F20F1 /* SceneDelegate.swift in Sources */,
				F283D81825B8AAAE00C1E0C0 /* QuestionView.swift in Sources */,
				F26553E325C094B10009EB2E /* AppSettingsViewController.swift in Sources */,
				F283D80D25B8A7D100C1E0C0 /* QuestionGroupData.swift in Sources */,
				F26553CF25BB59730009EB2E /* SelectQuestionGroupViewController.swift in Sources */,
				F26553D725BDEBEE0009EB2E /* QuestionStrategy.swift in Sources */,
				F26553D225BB5B9A0009EB2E /* QuestionGroupCell.swift in Sources */,
			);
			runOnlyForDeploymentPostprocessing = 0;
		};
/* End PBXSourcesBuildPhase section */

/* Begin PBXVariantGroup section */
		F23A418B25B8A526003F20F1 /* Main.storyboard */ = {
			isa = PBXVariantGroup;
			children = (
				F23A418C25B8A526003F20F1 /* Base */,
			);
			name = Main.storyboard;
			sourceTree = "<group>";
		};
/* End PBXVariantGroup section */

/* Begin XCBuildConfiguration section */
		F23A419425B8A527003F20F1 /* Debug */ = {
			isa = XCBuildConfiguration;
			buildSettings = {
				ALWAYS_SEARCH_USER_PATHS = NO;
				CLANG_ANALYZER_NONNULL = YES;
				CLANG_ANALYZER_NUMBER_OBJECT_CONVERSION = YES_AGGRESSIVE;
				CLANG_CXX_LANGUAGE_STANDARD = "gnu++14";
				CLANG_CXX_LIBRARY = "libc++";
				CLANG_ENABLE_MODULES = YES;
				CLANG_ENABLE_OBJC_ARC = YES;
				CLANG_ENABLE_OBJC_WEAK = YES;
				CLANG_WARN_BLOCK_CAPTURE_AUTORELEASING = YES;
				CLANG_WARN_BOOL_CONVERSION = YES;
				CLANG_WARN_COMMA = YES;
				CLANG_WARN_CONSTANT_CONVERSION = YES;
				CLANG_WARN_DEPRECATED_OBJC_IMPLEMENTATIONS = YES;
				CLANG_WARN_DIRECT_OBJC_ISA_USAGE = YES_ERROR;
				CLANG_WARN_DOCUMENTATION_COMMENTS = YES;
				CLANG_WARN_EMPTY_BODY = YES;
				CLANG_WARN_ENUM_CONVERSION = YES;
				CLANG_WARN_INFINITE_RECURSION = YES;
				CLANG_WARN_INT_CONVERSION = YES;
				CLANG_WARN_NON_LITERAL_NULL_CONVERSION = YES;
				CLANG_WARN_OBJC_IMPLICIT_RETAIN_SELF = YES;
				CLANG_WARN_OBJC_LITERAL_CONVERSION = YES;
				CLANG_WARN_OBJC_ROOT_CLASS = YES_ERROR;
				CLANG_WARN_QUOTED_INCLUDE_IN_FRAMEWORK_HEADER = YES;
				CLANG_WARN_RANGE_LOOP_ANALYSIS = YES;
				CLANG_WARN_STRICT_PROTOTYPES = YES;
				CLANG_WARN_SUSPICIOUS_MOVE = YES;
				CLANG_WARN_UNGUARDED_AVAILABILITY = YES_AGGRESSIVE;
				CLANG_WARN_UNREACHABLE_CODE = YES;
				CLANG_WARN__DUPLICATE_METHOD_MATCH = YES;
				COPY_PHASE_STRIP = NO;
				DEBUG_INFORMATION_FORMAT = dwarf;
				ENABLE_STRICT_OBJC_MSGSEND = YES;
				ENABLE_TESTABILITY = YES;
				GCC_C_LANGUAGE_STANDARD = gnu11;
				GCC_DYNAMIC_NO_PIC = NO;
				GCC_NO_COMMON_BLOCKS = YES;
				GCC_OPTIMIZATION_LEVEL = 0;
				GCC_PREPROCESSOR_DEFINITIONS = (
					"DEBUG=1",
					"$(inherited)",
				);
				GCC_WARN_64_TO_32_BIT_CONVERSION = YES;
				GCC_WARN_ABOUT_RETURN_TYPE = YES_ERROR;
				GCC_WARN_UNDECLARED_SELECTOR = YES;
				GCC_WARN_UNINITIALIZED_AUTOS = YES_AGGRESSIVE;
				GCC_WARN_UNUSED_FUNCTION = YES;
				GCC_WARN_UNUSED_VARIABLE = YES;
				IPHONEOS_DEPLOYMENT_TARGET = 14.3;
				MTL_ENABLE_DEBUG_INFO = INCLUDE_SOURCE;
				MTL_FAST_MATH = YES;
				ONLY_ACTIVE_ARCH = YES;
				SDKROOT = iphoneos;
				SWIFT_ACTIVE_COMPILATION_CONDITIONS = DEBUG;
				SWIFT_OPTIMIZATION_LEVEL = "-Onone";
			};
			name = Debug;
		};
		F23A419525B8A527003F20F1 /* Release */ = {
			isa = XCBuildConfiguration;
			buildSettings = {
				ALWAYS_SEARCH_USER_PATHS = NO;
				CLANG_ANALYZER_NONNULL = YES;
				CLANG_ANALYZER_NUMBER_OBJECT_CONVERSION = YES_AGGRESSIVE;
				CLANG_CXX_LANGUAGE_STANDARD = "gnu++14";
				CLANG_CXX_LIBRARY = "libc++";
				CLANG_ENABLE_MODULES = YES;
				CLANG_ENABLE_OBJC_ARC = YES;
				CLANG_ENABLE_OBJC_WEAK = YES;
				CLANG_WARN_BLOCK_CAPTURE_AUTORELEASING = YES;
				CLANG_WARN_BOOL_CONVERSION = YES;
				CLANG_WARN_COMMA = YES;
				CLANG_WARN_CONSTANT_CONVERSION = YES;
				CLANG_WARN_DEPRECATED_OBJC_IMPLEMENTATIONS = YES;
				CLANG_WARN_DIRECT_OBJC_ISA_USAGE = YES_ERROR;
				CLANG_WARN_DOCUMENTATION_COMMENTS = YES;
				CLANG_WARN_EMPTY_BODY = YES;
				CLANG_WARN_ENUM_CONVERSION = YES;
				CLANG_WARN_INFINITE_RECURSION = YES;
				CLANG_WARN_INT_CONVERSION = YES;
				CLANG_WARN_NON_LITERAL_NULL_CONVERSION = YES;
				CLANG_WARN_OBJC_IMPLICIT_RETAIN_SELF = YES;
				CLANG_WARN_OBJC_LITERAL_CONVERSION = YES;
				CLANG_WARN_OBJC_ROOT_CLASS = YES_ERROR;
				CLANG_WARN_QUOTED_INCLUDE_IN_FRAMEWORK_HEADER = YES;
				CLANG_WARN_RANGE_LOOP_ANALYSIS = YES;
				CLANG_WARN_STRICT_PROTOTYPES = YES;
				CLANG_WARN_SUSPICIOUS_MOVE = YES;
				CLANG_WARN_UNGUARDED_AVAILABILITY = YES_AGGRESSIVE;
				CLANG_WARN_UNREACHABLE_CODE = YES;
				CLANG_WARN__DUPLICATE_METHOD_MATCH = YES;
				COPY_PHASE_STRIP = NO;
				DEBUG_INFORMATION_FORMAT = "dwarf-with-dsym";
				ENABLE_NS_ASSERTIONS = NO;
				ENABLE_STRICT_OBJC_MSGSEND = YES;
				GCC_C_LANGUAGE_STANDARD = gnu11;
				GCC_NO_COMMON_BLOCKS = YES;
				GCC_WARN_64_TO_32_BIT_CONVERSION = YES;
				GCC_WARN_ABOUT_RETURN_TYPE = YES_ERROR;
				GCC_WARN_UNDECLARED_SELECTOR = YES;
				GCC_WARN_UNINITIALIZED_AUTOS = YES_AGGRESSIVE;
				GCC_WARN_UNUSED_FUNCTION = YES;
				GCC_WARN_UNUSED_VARIABLE = YES;
				IPHONEOS_DEPLOYMENT_TARGET = 14.3;
				MTL_ENABLE_DEBUG_INFO = NO;
				MTL_FAST_MATH = YES;
				SDKROOT = iphoneos;
				SWIFT_COMPILATION_MODE = wholemodule;
				SWIFT_OPTIMIZATION_LEVEL = "-O";
				VALIDATE_PRODUCT = YES;
			};
			name = Release;
		};
		F23A419725B8A527003F20F1 /* Debug */ = {
			isa = XCBuildConfiguration;
			buildSettings = {
				ASSETCATALOG_COMPILER_APPICON_NAME = AppIcon;
				ASSETCATALOG_COMPILER_GLOBAL_ACCENT_COLOR_NAME = AccentColor;
				CODE_SIGN_STYLE = Automatic;
				INFOPLIST_FILE = "$(SRCROOT)/RabbleWabble/Resourses/Info.plist";
				LD_RUNPATH_SEARCH_PATHS = (
					"$(inherited)",
					"@executable_path/Frameworks",
				);
				PRODUCT_BUNDLE_IDENTIFIER = com.shinkeman.RabbleWabble;
				PRODUCT_NAME = "$(TARGET_NAME)";
				SWIFT_VERSION = 5.0;
				TARGETED_DEVICE_FAMILY = "1,2";
			};
			name = Debug;
		};
		F23A419825B8A527003F20F1 /* Release */ = {
			isa = XCBuildConfiguration;
			buildSettings = {
				ASSETCATALOG_COMPILER_APPICON_NAME = AppIcon;
				ASSETCATALOG_COMPILER_GLOBAL_ACCENT_COLOR_NAME = AccentColor;
				CODE_SIGN_STYLE = Automatic;
				INFOPLIST_FILE = "$(SRCROOT)/RabbleWabble/Resourses/Info.plist";
				LD_RUNPATH_SEARCH_PATHS = (
					"$(inherited)",
					"@executable_path/Frameworks",
				);
				PRODUCT_BUNDLE_IDENTIFIER = com.shinkeman.RabbleWabble;
				PRODUCT_NAME = "$(TARGET_NAME)";
				SWIFT_VERSION = 5.0;
				TARGETED_DEVICE_FAMILY = "1,2";
			};
			name = Release;
		};
/* End XCBuildConfiguration section */

/* Begin XCConfigurationList section */
		F23A417D25B8A526003F20F1 /* Build configuration list for PBXProject "RabbleWabble" */ = {
			isa = XCConfigurationList;
			buildConfigurations = (
				F23A419425B8A527003F20F1 /* Debug */,
				F23A419525B8A527003F20F1 /* Release */,
			);
			defaultConfigurationIsVisible = 0;
			defaultConfigurationName = Release;
		};
		F23A419625B8A527003F20F1 /* Build configuration list for PBXNativeTarget "RabbleWabble" */ = {
			isa = XCConfigurationList;
			buildConfigurations = (
				F23A419725B8A527003F20F1 /* Debug */,
				F23A419825B8A527003F20F1 /* Release */,
			);
			defaultConfigurationIsVisible = 0;
			defaultConfigurationName = Release;
		};
/* End XCConfigurationList section */
	};
	rootObject = F23A417A25B8A526003F20F1 /* Project object */;
}
